// !$*UTF8*$!
{
	archiveVersion = 1;
	classes = {
	};
	objectVersion = 50;
	objects = {

/* Begin PBXBuildFile section */
		05764D8B7DB0A5DBBEA1C935 /* libPods-PDLoopScrollViewUITests.a in Frameworks */ = {isa = PBXBuildFile; fileRef = E1FEF80ADD5EF07BE36C80A0 /* libPods-PDLoopScrollViewUITests.a */; };
		46AECAE073A8C4452B7AA051 /* libPods-PDLoopScrollView.a in Frameworks */ = {isa = PBXBuildFile; fileRef = 5198315D42C08D195E098138 /* libPods-PDLoopScrollView.a */; };
		A5BE0E6796900E0A755921EB /* libPods-PDLoopScrollViewTests.a in Frameworks */ = {isa = PBXBuildFile; fileRef = 4951A7ADA2E39E05526A19BB /* libPods-PDLoopScrollViewTests.a */; };
		DD164B452437A20300B3A058 /* PDPageControl.m in Sources */ = {isa = PBXBuildFile; fileRef = DD164B442437A20300B3A058 /* PDPageControl.m */; };
		ECAB178521B176F700736BFC /* AppDelegate.m in Sources */ = {isa = PBXBuildFile; fileRef = ECAB178421B176F700736BFC /* AppDelegate.m */; };
		ECAB178821B176F700736BFC /* ViewController.m in Sources */ = {isa = PBXBuildFile; fileRef = ECAB178721B176F700736BFC /* ViewController.m */; };
		ECAB178B21B176F700736BFC /* Main.storyboard in Resources */ = {isa = PBXBuildFile; fileRef = ECAB178921B176F700736BFC /* Main.storyboard */; };
		ECAB178D21B176F800736BFC /* Assets.xcassets in Resources */ = {isa = PBXBuildFile; fileRef = ECAB178C21B176F800736BFC /* Assets.xcassets */; };
		ECAB179021B176F800736BFC /* LaunchScreen.storyboard in Resources */ = {isa = PBXBuildFile; fileRef = ECAB178E21B176F800736BFC /* LaunchScreen.storyboard */; };
		ECAB179321B176F800736BFC /* main.m in Sources */ = {isa = PBXBuildFile; fileRef = ECAB179221B176F800736BFC /* main.m */; };
		ECAB179D21B176F800736BFC /* PDLoopScrollViewTests.m in Sources */ = {isa = PBXBuildFile; fileRef = ECAB179C21B176F800736BFC /* PDLoopScrollViewTests.m */; };
		ECAB17A821B176F800736BFC /* PDLoopScrollViewUITests.m in Sources */ = {isa = PBXBuildFile; fileRef = ECAB17A721B176F800736BFC /* PDLoopScrollViewUITests.m */; };
		ECAB17C121B1809300736BFC /* PDLoopScrollView.m in Sources */ = {isa = PBXBuildFile; fileRef = ECAB17BF21B1809300736BFC /* PDLoopScrollView.m */; };
		ECAB17CA21B3A7D900736BFC /* PDDemoPage.m in Sources */ = {isa = PBXBuildFile; fileRef = ECAB17C921B3A7D900736BFC /* PDDemoPage.m */; };
/* End PBXBuildFile section */

/* Begin PBXContainerItemProxy section */
		ECAB179921B176F800736BFC /* PBXContainerItemProxy */ = {
			isa = PBXContainerItemProxy;
			containerPortal = ECAB177821B176F700736BFC /* Project object */;
			proxyType = 1;
			remoteGlobalIDString = ECAB177F21B176F700736BFC;
			remoteInfo = PDLoopScrollView;
		};
		ECAB17A421B176F800736BFC /* PBXContainerItemProxy */ = {
			isa = PBXContainerItemProxy;
			containerPortal = ECAB177821B176F700736BFC /* Project object */;
			proxyType = 1;
			remoteGlobalIDString = ECAB177F21B176F700736BFC;
			remoteInfo = PDLoopScrollView;
		};
/* End PBXContainerItemProxy section */

/* Begin PBXFileReference section */
		4951A7ADA2E39E05526A19BB /* libPods-PDLoopScrollViewTests.a */ = {isa = PBXFileReference; explicitFileType = archive.ar; includeInIndex = 0; path = "libPods-PDLoopScrollViewTests.a"; sourceTree = BUILT_PRODUCTS_DIR; };
		5198315D42C08D195E098138 /* libPods-PDLoopScrollView.a */ = {isa = PBXFileReference; explicitFileType = archive.ar; includeInIndex = 0; path = "libPods-PDLoopScrollView.a"; sourceTree = BUILT_PRODUCTS_DIR; };
		6B1B1D186891272951EBBF7C /* Pods-PDLoopScrollViewUITests.debug.xcconfig */ = {isa = PBXFileReference; includeInIndex = 1; lastKnownFileType = text.xcconfig; name = "Pods-PDLoopScrollViewUITests.debug.xcconfig"; path = "Pods/Target Support Files/Pods-PDLoopScrollViewUITests/Pods-PDLoopScrollViewUITests.debug.xcconfig"; sourceTree = "<group>"; };
		A3A0634846439DCB1B10CB14 /* Pods-PDLoopScrollView.debug.xcconfig */ = {isa = PBXFileReference; includeInIndex = 1; lastKnownFileType = text.xcconfig; name = "Pods-PDLoopScrollView.debug.xcconfig"; path = "Pods/Target Support Files/Pods-PDLoopScrollView/Pods-PDLoopScrollView.debug.xcconfig"; sourceTree = "<group>"; };
		B07D56E3215EA5C6A4A005CE /* Pods-PDLoopScrollViewTests.debug.xcconfig */ = {isa = PBXFileReference; includeInIndex = 1; lastKnownFileType = text.xcconfig; name = "Pods-PDLoopScrollViewTests.debug.xcconfig"; path = "Pods/Target Support Files/Pods-PDLoopScrollViewTests/Pods-PDLoopScrollViewTests.debug.xcconfig"; sourceTree = "<group>"; };
		D516D68C68625309D051F7D5 /* Pods-PDLoopScrollViewUITests.release.xcconfig */ = {isa = PBXFileReference; includeInIndex = 1; lastKnownFileType = text.xcconfig; name = "Pods-PDLoopScrollViewUITests.release.xcconfig"; path = "Pods/Target Support Files/Pods-PDLoopScrollViewUITests/Pods-PDLoopScrollViewUITests.release.xcconfig"; sourceTree = "<group>"; };
		DD164B432437A20300B3A058 /* PDPageControl.h */ = {isa = PBXFileReference; lastKnownFileType = sourcecode.c.h; path = PDPageControl.h; sourceTree = "<group>"; };
		DD164B442437A20300B3A058 /* PDPageControl.m */ = {isa = PBXFileReference; lastKnownFileType = sourcecode.c.objc; path = PDPageControl.m; sourceTree = "<group>"; };
		E1FEF80ADD5EF07BE36C80A0 /* libPods-PDLoopScrollViewUITests.a */ = {isa = PBXFileReference; explicitFileType = archive.ar; includeInIndex = 0; path = "libPods-PDLoopScrollViewUITests.a"; sourceTree = BUILT_PRODUCTS_DIR; };
		E66AEDC144628FB4A8100027 /* Pods-PDLoopScrollView.release.xcconfig */ = {isa = PBXFileReference; includeInIndex = 1; lastKnownFileType = text.xcconfig; name = "Pods-PDLoopScrollView.release.xcconfig"; path = "Pods/Target Support Files/Pods-PDLoopScrollView/Pods-PDLoopScrollView.release.xcconfig"; sourceTree = "<group>"; };
		ECAB178021B176F700736BFC /* PDLoopScrollView.app */ = {isa = PBXFileReference; explicitFileType = wrapper.application; includeInIndex = 0; path = PDLoopScrollView.app; sourceTree = BUILT_PRODUCTS_DIR; };
		ECAB178321B176F700736BFC /* AppDelegate.h */ = {isa = PBXFileReference; lastKnownFileType = sourcecode.c.h; path = AppDelegate.h; sourceTree = "<group>"; };
		ECAB178421B176F700736BFC /* AppDelegate.m */ = {isa = PBXFileReference; lastKnownFileType = sourcecode.c.objc; path = AppDelegate.m; sourceTree = "<group>"; };
		ECAB178621B176F700736BFC /* ViewController.h */ = {isa = PBXFileReference; lastKnownFileType = sourcecode.c.h; path = ViewController.h; sourceTree = "<group>"; };
		ECAB178721B176F700736BFC /* ViewController.m */ = {isa = PBXFileReference; lastKnownFileType = sourcecode.c.objc; path = ViewController.m; sourceTree = "<group>"; };
		ECAB178A21B176F700736BFC /* Base */ = {isa = PBXFileReference; lastKnownFileType = file.storyboard; name = Base; path = Base.lproj/Main.storyboard; sourceTree = "<group>"; };
		ECAB178C21B176F800736BFC /* Assets.xcassets */ = {isa = PBXFileReference; lastKnownFileType = folder.assetcatalog; path = Assets.xcassets; sourceTree = "<group>"; };
		ECAB178F21B176F800736BFC /* Base */ = {isa = PBXFileReference; lastKnownFileType = file.storyboard; name = Base; path = Base.lproj/LaunchScreen.storyboard; sourceTree = "<group>"; };
		ECAB179121B176F800736BFC /* Info.plist */ = {isa = PBXFileReference; lastKnownFileType = text.plist.xml; path = Info.plist; sourceTree = "<group>"; };
		ECAB179221B176F800736BFC /* main.m */ = {isa = PBXFileReference; lastKnownFileType = sourcecode.c.objc; path = main.m; sourceTree = "<group>"; };
		ECAB179821B176F800736BFC /* PDLoopScrollViewTests.xctest */ = {isa = PBXFileReference; explicitFileType = wrapper.cfbundle; includeInIndex = 0; path = PDLoopScrollViewTests.xctest; sourceTree = BUILT_PRODUCTS_DIR; };
		ECAB179C21B176F800736BFC /* PDLoopScrollViewTests.m */ = {isa = PBXFileReference; lastKnownFileType = sourcecode.c.objc; path = PDLoopScrollViewTests.m; sourceTree = "<group>"; };
		ECAB179E21B176F800736BFC /* Info.plist */ = {isa = PBXFileReference; lastKnownFileType = text.plist.xml; path = Info.plist; sourceTree = "<group>"; };
		ECAB17A321B176F800736BFC /* PDLoopScrollViewUITests.xctest */ = {isa = PBXFileReference; explicitFileType = wrapper.cfbundle; includeInIndex = 0; path = PDLoopScrollViewUITests.xctest; sourceTree = BUILT_PRODUCTS_DIR; };
		ECAB17A721B176F800736BFC /* PDLoopScrollViewUITests.m */ = {isa = PBXFileReference; lastKnownFileType = sourcecode.c.objc; path = PDLoopScrollViewUITests.m; sourceTree = "<group>"; };
		ECAB17A921B176F800736BFC /* Info.plist */ = {isa = PBXFileReference; lastKnownFileType = text.plist.xml; path = Info.plist; sourceTree = "<group>"; };
		ECAB17BC21B1809300736BFC /* PDLoopScrollView.h */ = {isa = PBXFileReference; fileEncoding = 4; lastKnownFileType = sourcecode.c.h; path = PDLoopScrollView.h; sourceTree = "<group>"; };
		ECAB17BF21B1809300736BFC /* PDLoopScrollView.m */ = {isa = PBXFileReference; fileEncoding = 4; lastKnownFileType = sourcecode.c.objc; path = PDLoopScrollView.m; sourceTree = "<group>"; };
		ECAB17C821B3A7D900736BFC /* PDDemoPage.h */ = {isa = PBXFileReference; lastKnownFileType = sourcecode.c.h; path = PDDemoPage.h; sourceTree = "<group>"; };
		ECAB17C921B3A7D900736BFC /* PDDemoPage.m */ = {isa = PBXFileReference; lastKnownFileType = sourcecode.c.objc; path = PDDemoPage.m; sourceTree = "<group>"; };
		F86ECAD70A5889410C9C0BEA /* Pods-PDLoopScrollViewTests.release.xcconfig */ = {isa = PBXFileReference; includeInIndex = 1; lastKnownFileType = text.xcconfig; name = "Pods-PDLoopScrollViewTests.release.xcconfig"; path = "Pods/Target Support Files/Pods-PDLoopScrollViewTests/Pods-PDLoopScrollViewTests.release.xcconfig"; sourceTree = "<group>"; };
/* End PBXFileReference section */

/* Begin PBXFrameworksBuildPhase section */
		ECAB177D21B176F700736BFC /* Frameworks */ = {
			isa = PBXFrameworksBuildPhase;
			buildActionMask = 2147483647;
			files = (
				46AECAE073A8C4452B7AA051 /* libPods-PDLoopScrollView.a in Frameworks */,
			);
			runOnlyForDeploymentPostprocessing = 0;
		};
		ECAB179521B176F800736BFC /* Frameworks */ = {
			isa = PBXFrameworksBuildPhase;
			buildActionMask = 2147483647;
			files = (
				A5BE0E6796900E0A755921EB /* libPods-PDLoopScrollViewTests.a in Frameworks */,
			);
			runOnlyForDeploymentPostprocessing = 0;
		};
		ECAB17A021B176F800736BFC /* Frameworks */ = {
			isa = PBXFrameworksBuildPhase;
			buildActionMask = 2147483647;
			files = (
				05764D8B7DB0A5DBBEA1C935 /* libPods-PDLoopScrollViewUITests.a in Frameworks */,
			);
			runOnlyForDeploymentPostprocessing = 0;
		};
/* End PBXFrameworksBuildPhase section */

/* Begin PBXGroup section */
		0C84DDE44294F012232AF40D /* Frameworks */ = {
			isa = PBXGroup;
			children = (
				5198315D42C08D195E098138 /* libPods-PDLoopScrollView.a */,
				4951A7ADA2E39E05526A19BB /* libPods-PDLoopScrollViewTests.a */,
				E1FEF80ADD5EF07BE36C80A0 /* libPods-PDLoopScrollViewUITests.a */,
			);
			name = Frameworks;
			sourceTree = "<group>";
		};
		EBBB2B783D41A83CF1F8D248 /* Pods */ = {
			isa = PBXGroup;
			children = (
				A3A0634846439DCB1B10CB14 /* Pods-PDLoopScrollView.debug.xcconfig */,
				E66AEDC144628FB4A8100027 /* Pods-PDLoopScrollView.release.xcconfig */,
				B07D56E3215EA5C6A4A005CE /* Pods-PDLoopScrollViewTests.debug.xcconfig */,
				F86ECAD70A5889410C9C0BEA /* Pods-PDLoopScrollViewTests.release.xcconfig */,
				6B1B1D186891272951EBBF7C /* Pods-PDLoopScrollViewUITests.debug.xcconfig */,
				D516D68C68625309D051F7D5 /* Pods-PDLoopScrollViewUITests.release.xcconfig */,
			);
			name = Pods;
			sourceTree = "<group>";
		};
		ECAB177721B176F700736BFC = {
			isa = PBXGroup;
			children = (
				ECAB178221B176F700736BFC /* PDLoopScrollView */,
				ECAB179B21B176F800736BFC /* PDLoopScrollViewTests */,
				ECAB17A621B176F800736BFC /* PDLoopScrollViewUITests */,
				ECAB178121B176F700736BFC /* Products */,
				EBBB2B783D41A83CF1F8D248 /* Pods */,
				0C84DDE44294F012232AF40D /* Frameworks */,
			);
			sourceTree = "<group>";
		};
		ECAB178121B176F700736BFC /* Products */ = {
			isa = PBXGroup;
			children = (
				ECAB178021B176F700736BFC /* PDLoopScrollView.app */,
				ECAB179821B176F800736BFC /* PDLoopScrollViewTests.xctest */,
				ECAB17A321B176F800736BFC /* PDLoopScrollViewUITests.xctest */,
			);
			name = Products;
			sourceTree = "<group>";
		};
		ECAB178221B176F700736BFC /* PDLoopScrollView */ = {
			isa = PBXGroup;
			children = (
				ECAB17B521B176FF00736BFC /* Source */,
				ECAB178321B176F700736BFC /* AppDelegate.h */,
				ECAB178421B176F700736BFC /* AppDelegate.m */,
				ECAB178621B176F700736BFC /* ViewController.h */,
				ECAB178721B176F700736BFC /* ViewController.m */,
				ECAB17C821B3A7D900736BFC /* PDDemoPage.h */,
				ECAB17C921B3A7D900736BFC /* PDDemoPage.m */,
				ECAB178921B176F700736BFC /* Main.storyboard */,
				ECAB178C21B176F800736BFC /* Assets.xcassets */,
				ECAB178E21B176F800736BFC /* LaunchScreen.storyboard */,
				ECAB179121B176F800736BFC /* Info.plist */,
				ECAB179221B176F800736BFC /* main.m */,
			);
			path = PDLoopScrollView;
			sourceTree = "<group>";
		};
		ECAB179B21B176F800736BFC /* PDLoopScrollViewTests */ = {
			isa = PBXGroup;
			children = (
				ECAB179C21B176F800736BFC /* PDLoopScrollViewTests.m */,
				ECAB179E21B176F800736BFC /* Info.plist */,
			);
			path = PDLoopScrollViewTests;
			sourceTree = "<group>";
		};
		ECAB17A621B176F800736BFC /* PDLoopScrollViewUITests */ = {
			isa = PBXGroup;
			children = (
				ECAB17A721B176F800736BFC /* PDLoopScrollViewUITests.m */,
				ECAB17A921B176F800736BFC /* Info.plist */,
			);
			path = PDLoopScrollViewUITests;
			sourceTree = "<group>";
		};
		ECAB17B521B176FF00736BFC /* Source */ = {
			isa = PBXGroup;
			children = (
				ECAB17BC21B1809300736BFC /* PDLoopScrollView.h */,
				ECAB17BF21B1809300736BFC /* PDLoopScrollView.m */,
				DD164B432437A20300B3A058 /* PDPageControl.h */,
				DD164B442437A20300B3A058 /* PDPageControl.m */,
			);
			path = Source;
			sourceTree = "<group>";
		};
/* End PBXGroup section */

/* Begin PBXNativeTarget section */
		ECAB177F21B176F700736BFC /* PDLoopScrollView */ = {
			isa = PBXNativeTarget;
			buildConfigurationList = ECAB17AC21B176F800736BFC /* Build configuration list for PBXNativeTarget "PDLoopScrollView" */;
			buildPhases = (
				E14F09FFF32D7878D54AD7A6 /* [CP] Check Pods Manifest.lock */,
				ECAB177C21B176F700736BFC /* Sources */,
				ECAB177D21B176F700736BFC /* Frameworks */,
				ECAB177E21B176F700736BFC /* Resources */,
				89BB6F849FC2E590E42FF3C6 /* [CP] Embed Pods Frameworks */,
				3F4ECDE62BF70921DF5FFFDC /* [CP] Copy Pods Resources */,
			);
			buildRules = (
			);
			dependencies = (
			);
			name = PDLoopScrollView;
			productName = PDLoopScrollView;
			productReference = ECAB178021B176F700736BFC /* PDLoopScrollView.app */;
			productType = "com.apple.product-type.application";
		};
		ECAB179721B176F800736BFC /* PDLoopScrollViewTests */ = {
			isa = PBXNativeTarget;
			buildConfigurationList = ECAB17AF21B176F800736BFC /* Build configuration list for PBXNativeTarget "PDLoopScrollViewTests" */;
			buildPhases = (
				6D16542CEA2F92221310C028 /* [CP] Check Pods Manifest.lock */,
				ECAB179421B176F800736BFC /* Sources */,
				ECAB179521B176F800736BFC /* Frameworks */,
				ECAB179621B176F800736BFC /* Resources */,
				19032294C2811AC39A1B7C9A /* [CP] Embed Pods Frameworks */,
				84FBD4A39532FC7DF480EFB6 /* [CP] Copy Pods Resources */,
			);
			buildRules = (
			);
			dependencies = (
				ECAB179A21B176F800736BFC /* PBXTargetDependency */,
			);
			name = PDLoopScrollViewTests;
			productName = PDLoopScrollViewTests;
			productReference = ECAB179821B176F800736BFC /* PDLoopScrollViewTests.xctest */;
			productType = "com.apple.product-type.bundle.unit-test";
		};
		ECAB17A221B176F800736BFC /* PDLoopScrollViewUITests */ = {
			isa = PBXNativeTarget;
			buildConfigurationList = ECAB17B221B176F800736BFC /* Build configuration list for PBXNativeTarget "PDLoopScrollViewUITests" */;
			buildPhases = (
				152DDF1A460861974DC78D26 /* [CP] Check Pods Manifest.lock */,
				ECAB179F21B176F800736BFC /* Sources */,
				ECAB17A021B176F800736BFC /* Frameworks */,
				ECAB17A121B176F800736BFC /* Resources */,
				81FFB9B0360903D2A20A7394 /* [CP] Embed Pods Frameworks */,
				E493E62A48622DED77F8A7AC /* [CP] Copy Pods Resources */,
			);
			buildRules = (
			);
			dependencies = (
				ECAB17A521B176F800736BFC /* PBXTargetDependency */,
			);
			name = PDLoopScrollViewUITests;
			productName = PDLoopScrollViewUITests;
			productReference = ECAB17A321B176F800736BFC /* PDLoopScrollViewUITests.xctest */;
			productType = "com.apple.product-type.bundle.ui-testing";
		};
/* End PBXNativeTarget section */

/* Begin PBXProject section */
		ECAB177821B176F700736BFC /* Project object */ = {
			isa = PBXProject;
			attributes = {
				LastUpgradeCheck = 1000;
				ORGANIZATIONNAME = PipeDog;
				TargetAttributes = {
					ECAB177F21B176F700736BFC = {
						CreatedOnToolsVersion = 10.0;
					};
					ECAB179721B176F800736BFC = {
						CreatedOnToolsVersion = 10.0;
						TestTargetID = ECAB177F21B176F700736BFC;
					};
					ECAB17A221B176F800736BFC = {
						CreatedOnToolsVersion = 10.0;
						TestTargetID = ECAB177F21B176F700736BFC;
					};
				};
			};
			buildConfigurationList = ECAB177B21B176F700736BFC /* Build configuration list for PBXProject "PDLoopScrollView" */;
			compatibilityVersion = "Xcode 9.3";
			developmentRegion = en;
			hasScannedForEncodings = 0;
			knownRegions = (
				en,
				Base,
			);
			mainGroup = ECAB177721B176F700736BFC;
			productRefGroup = ECAB178121B176F700736BFC /* Products */;
			projectDirPath = "";
			projectRoot = "";
			targets = (
				ECAB177F21B176F700736BFC /* PDLoopScrollView */,
				ECAB179721B176F800736BFC /* PDLoopScrollViewTests */,
				ECAB17A221B176F800736BFC /* PDLoopScrollViewUITests */,
			);
		};
/* End PBXProject section */

/* Begin PBXResourcesBuildPhase section */
		ECAB177E21B176F700736BFC /* Resources */ = {
			isa = PBXResourcesBuildPhase;
			buildActionMask = 2147483647;
			files = (
				ECAB179021B176F800736BFC /* LaunchScreen.storyboard in Resources */,
				ECAB178D21B176F800736BFC /* Assets.xcassets in Resources */,
				ECAB178B21B176F700736BFC /* Main.storyboard in Resources */,
			);
			runOnlyForDeploymentPostprocessing = 0;
		};
		ECAB179621B176F800736BFC /* Resources */ = {
			isa = PBXResourcesBuildPhase;
			buildActionMask = 2147483647;
			files = (
			);
			runOnlyForDeploymentPostprocessing = 0;
		};
		ECAB17A121B176F800736BFC /* Resources */ = {
			isa = PBXResourcesBuildPhase;
			buildActionMask = 2147483647;
			files = (
			);
			runOnlyForDeploymentPostprocessing = 0;
		};
/* End PBXResourcesBuildPhase section */

/* Begin PBXShellScriptBuildPhase section */
		152DDF1A460861974DC78D26 /* [CP] Check Pods Manifest.lock */ = {
			isa = PBXShellScriptBuildPhase;
			buildActionMask = 2147483647;
			files = (
			);
			inputPaths = (
				"${PODS_PODFILE_DIR_PATH}/Podfile.lock",
				"${PODS_ROOT}/Manifest.lock",
			);
			name = "[CP] Check Pods Manifest.lock";
			outputPaths = (
				"$(DERIVED_FILE_DIR)/Pods-PDLoopScrollViewUITests-checkManifestLockResult.txt",
			);
			runOnlyForDeploymentPostprocessing = 0;
			shellPath = /bin/sh;
			shellScript = "diff \"${PODS_PODFILE_DIR_PATH}/Podfile.lock\" \"${PODS_ROOT}/Manifest.lock\" > /dev/null\nif [ $? != 0 ] ; then\n    # print error to STDERR\n    echo \"error: The sandbox is not in sync with the Podfile.lock. Run 'pod install' or update your CocoaPods installation.\" >&2\n    exit 1\nfi\n# This output is used by Xcode 'outputs' to avoid re-running this script phase.\necho \"SUCCESS\" > \"${SCRIPT_OUTPUT_FILE_0}\"\n";
			showEnvVarsInLog = 0;
		};
		19032294C2811AC39A1B7C9A /* [CP] Embed Pods Frameworks */ = {
			isa = PBXShellScriptBuildPhase;
			buildActionMask = 2147483647;
			files = (
			);
			inputPaths = (
			);
			name = "[CP] Embed Pods Frameworks";
			outputPaths = (
			);
			runOnlyForDeploymentPostprocessing = 0;
			shellPath = /bin/sh;
			shellScript = "\"${SRCROOT}/Pods/Target Support Files/Pods-PDLoopScrollViewTests/Pods-PDLoopScrollViewTests-frameworks.sh\"\n";
			showEnvVarsInLog = 0;
		};
		3F4ECDE62BF70921DF5FFFDC /* [CP] Copy Pods Resources */ = {
			isa = PBXShellScriptBuildPhase;
			buildActionMask = 2147483647;
			files = (
			);
			inputPaths = (
			);
			name = "[CP] Copy Pods Resources";
			outputPaths = (
			);
			runOnlyForDeploymentPostprocessing = 0;
			shellPath = /bin/sh;
			shellScript = "\"${SRCROOT}/Pods/Target Support Files/Pods-PDLoopScrollView/Pods-PDLoopScrollView-resources.sh\"\n";
			showEnvVarsInLog = 0;
		};
		6D16542CEA2F92221310C028 /* [CP] Check Pods Manifest.lock */ = {
			isa = PBXShellScriptBuildPhase;
			buildActionMask = 2147483647;
			files = (
			);
			inputPaths = (
				"${PODS_PODFILE_DIR_PATH}/Podfile.lock",
				"${PODS_ROOT}/Manifest.lock",
			);
			name = "[CP] Check Pods Manifest.lock";
			outputPaths = (
				"$(DERIVED_FILE_DIR)/Pods-PDLoopScrollViewTests-checkManifestLockResult.txt",
			);
			runOnlyForDeploymentPostprocessing = 0;
			shellPath = /bin/sh;
			shellScript = "diff \"${PODS_PODFILE_DIR_PATH}/Podfile.lock\" \"${PODS_ROOT}/Manifest.lock\" > /dev/null\nif [ $? != 0 ] ; then\n    # print error to STDERR\n    echo \"error: The sandbox is not in sync with the Podfile.lock. Run 'pod install' or update your CocoaPods installation.\" >&2\n    exit 1\nfi\n# This output is used by Xcode 'outputs' to avoid re-running this script phase.\necho \"SUCCESS\" > \"${SCRIPT_OUTPUT_FILE_0}\"\n";
			showEnvVarsInLog = 0;
		};
		81FFB9B0360903D2A20A7394 /* [CP] Embed Pods Frameworks */ = {
			isa = PBXShellScriptBuildPhase;
			buildActionMask = 2147483647;
			files = (
			);
			inputPaths = (
			);
			name = "[CP] Embed Pods Frameworks";
			outputPaths = (
			);
			runOnlyForDeploymentPostprocessing = 0;
			shellPath = /bin/sh;
			shellScript = "\"${SRCROOT}/Pods/Target Support Files/Pods-PDLoopScrollViewUITests/Pods-PDLoopScrollViewUITests-frameworks.sh\"\n";
			showEnvVarsInLog = 0;
		};
		84FBD4A39532FC7DF480EFB6 /* [CP] Copy Pods Resources */ = {
			isa = PBXShellScriptBuildPhase;
			buildActionMask = 2147483647;
			files = (
			);
			inputPaths = (
			);
			name = "[CP] Copy Pods Resources";
			outputPaths = (
			);
			runOnlyForDeploymentPostprocessing = 0;
			shellPath = /bin/sh;
			shellScript = "\"${SRCROOT}/Pods/Target Support Files/Pods-PDLoopScrollViewTests/Pods-PDLoopScrollViewTests-resources.sh\"\n";
			showEnvVarsInLog = 0;
		};
		89BB6F849FC2E590E42FF3C6 /* [CP] Embed Pods Frameworks */ = {
			isa = PBXShellScriptBuildPhase;
			buildActionMask = 2147483647;
			files = (
			);
			inputPaths = (
			);
			name = "[CP] Embed Pods Frameworks";
			outputPaths = (
			);
			runOnlyForDeploymentPostprocessing = 0;
			shellPath = /bin/sh;
			shellScript = "\"${SRCROOT}/Pods/Target Support Files/Pods-PDLoopScrollView/Pods-PDLoopScrollView-frameworks.sh\"\n";
			showEnvVarsInLog = 0;
		};
		E14F09FFF32D7878D54AD7A6 /* [CP] Check Pods Manifest.lock */ = {
			isa = PBXShellScriptBuildPhase;
			buildActionMask = 2147483647;
			files = (
			);
			inputPaths = (
				"${PODS_PODFILE_DIR_PATH}/Podfile.lock",
				"${PODS_ROOT}/Manifest.lock",
			);
			name = "[CP] Check Pods Manifest.lock";
			outputPaths = (
				"$(DERIVED_FILE_DIR)/Pods-PDLoopScrollView-checkManifestLockResult.txt",
			);
			runOnlyForDeploymentPostprocessing = 0;
			shellPath = /bin/sh;
			shellScript = "diff \"${PODS_PODFILE_DIR_PATH}/Podfile.lock\" \"${PODS_ROOT}/Manifest.lock\" > /dev/null\nif [ $? != 0 ] ; then\n    # print error to STDERR\n    echo \"error: The sandbox is not in sync with the Podfile.lock. Run 'pod install' or update your CocoaPods installation.\" >&2\n    exit 1\nfi\n# This output is used by Xcode 'outputs' to avoid re-running this script phase.\necho \"SUCCESS\" > \"${SCRIPT_OUTPUT_FILE_0}\"\n";
			showEnvVarsInLog = 0;
		};
		E493E62A48622DED77F8A7AC /* [CP] Copy Pods Resources */ = {
			isa = PBXShellScriptBuildPhase;
			buildActionMask = 2147483647;
			files = (
			);
			inputPaths = (
			);
			name = "[CP] Copy Pods Resources";
			outputPaths = (
			);
			runOnlyForDeploymentPostprocessing = 0;
			shellPath = /bin/sh;
			shellScript = "\"${SRCROOT}/Pods/Target Support Files/Pods-PDLoopScrollViewUITests/Pods-PDLoopScrollViewUITests-resources.sh\"\n";
			showEnvVarsInLog = 0;
		};
/* End PBXShellScriptBuildPhase section */

/* Begin PBXSourcesBuildPhase section */
		ECAB177C21B176F700736BFC /* Sources */ = {
			isa = PBXSourcesBuildPhase;
			buildActionMask = 2147483647;
			files = (
				DD164B452437A20300B3A058 /* PDPageControl.m in Sources */,
				ECAB178821B176F700736BFC /* ViewController.m in Sources */,
				ECAB179321B176F800736BFC /* main.m in Sources */,
				ECAB17C121B1809300736BFC /* PDLoopScrollView.m in Sources */,
				ECAB17CA21B3A7D900736BFC /* PDDemoPage.m in Sources */,
				ECAB178521B176F700736BFC /* AppDelegate.m in Sources */,
			);
			runOnlyForDeploymentPostprocessing = 0;
		};
		ECAB179421B176F800736BFC /* Sources */ = {
			isa = PBXSourcesBuildPhase;
			buildActionMask = 2147483647;
			files = (
				ECAB179D21B176F800736BFC /* PDLoopScrollViewTests.m in Sources */,
			);
			runOnlyForDeploymentPostprocessing = 0;
		};
		ECAB179F21B176F800736BFC /* Sources */ = {
			isa = PBXSourcesBuildPhase;
			buildActionMask = 2147483647;
			files = (
				ECAB17A821B176F800736BFC /* PDLoopScrollViewUITests.m in Sources */,
			);
			runOnlyForDeploymentPostprocessing = 0;
		};
/* End PBXSourcesBuildPhase section */

/* Begin PBXTargetDependency section */
		ECAB179A21B176F800736BFC /* PBXTargetDependency */ = {
			isa = PBXTargetDependency;
			target = ECAB177F21B176F700736BFC /* PDLoopScrollView */;
			targetProxy = ECAB179921B176F800736BFC /* PBXContainerItemProxy */;
		};
		ECAB17A521B176F800736BFC /* PBXTargetDependency */ = {
			isa = PBXTargetDependency;
			target = ECAB177F21B176F700736BFC /* PDLoopScrollView */;
			targetProxy = ECAB17A421B176F800736BFC /* PBXContainerItemProxy */;
		};
/* End PBXTargetDependency section */

/* Begin PBXVariantGroup section */
		ECAB178921B176F700736BFC /* Main.storyboard */ = {
			isa = PBXVariantGroup;
			children = (
				ECAB178A21B176F700736BFC /* Base */,
			);
			name = Main.storyboard;
			sourceTree = "<group>";
		};
		ECAB178E21B176F800736BFC /* LaunchScreen.storyboard */ = {
			isa = PBXVariantGroup;
			children = (
				ECAB178F21B176F800736BFC /* Base */,
			);
			name = LaunchScreen.storyboard;
			sourceTree = "<group>";
		};
/* End PBXVariantGroup section */

/* Begin XCBuildConfiguration section */
		ECAB17AA21B176F800736BFC /* Debug */ = {
			isa = XCBuildConfiguration;
			buildSettings = {
				ALWAYS_SEARCH_USER_PATHS = NO;
				CLANG_ANALYZER_NONNULL = YES;
				CLANG_ANALYZER_NUMBER_OBJECT_CONVERSION = YES_AGGRESSIVE;
				CLANG_CXX_LANGUAGE_STANDARD = "gnu++14";
				CLANG_CXX_LIBRARY = "libc++";
				CLANG_ENABLE_MODULES = YES;
				CLANG_ENABLE_OBJC_ARC = YES;
				CLANG_ENABLE_OBJC_WEAK = YES;
				CLANG_WARN_BLOCK_CAPTURE_AUTORELEASING = YES;
				CLANG_WARN_BOOL_CONVERSION = YES;
				CLANG_WARN_COMMA = YES;
				CLANG_WARN_CONSTANT_CONVERSION = YES;
				CLANG_WARN_DEPRECATED_OBJC_IMPLEMENTATIONS = YES;
				CLANG_WARN_DIRECT_OBJC_ISA_USAGE = YES_ERROR;
				CLANG_WARN_DOCUMENTATION_COMMENTS = YES;
				CLANG_WARN_EMPTY_BODY = YES;
				CLANG_WARN_ENUM_CONVERSION = YES;
				CLANG_WARN_INFINITE_RECURSION = YES;
				CLANG_WARN_INT_CONVERSION = YES;
				CLANG_WARN_NON_LITERAL_NULL_CONVERSION = YES;
				CLANG_WARN_OBJC_IMPLICIT_RETAIN_SELF = YES;
				CLANG_WARN_OBJC_LITERAL_CONVERSION = YES;
				CLANG_WARN_OBJC_ROOT_CLASS = YES_ERROR;
				CLANG_WARN_RANGE_LOOP_ANALYSIS = YES;
				CLANG_WARN_STRICT_PROTOTYPES = YES;
				CLANG_WARN_SUSPICIOUS_MOVE = YES;
				CLANG_WARN_UNGUARDED_AVAILABILITY = YES_AGGRESSIVE;
				CLANG_WARN_UNREACHABLE_CODE = YES;
				CLANG_WARN__DUPLICATE_METHOD_MATCH = YES;
				CODE_SIGN_IDENTITY = "iPhone Developer";
				COPY_PHASE_STRIP = NO;
				DEBUG_INFORMATION_FORMAT = dwarf;
				ENABLE_STRICT_OBJC_MSGSEND = YES;
				ENABLE_TESTABILITY = YES;
				GCC_C_LANGUAGE_STANDARD = gnu11;
				GCC_DYNAMIC_NO_PIC = NO;
				GCC_NO_COMMON_BLOCKS = YES;
				GCC_OPTIMIZATION_LEVEL = 0;
				GCC_PREPROCESSOR_DEFINITIONS = (
					"DEBUG=1",
					"$(inherited)",
				);
				GCC_WARN_64_TO_32_BIT_CONVERSION = YES;
				GCC_WARN_ABOUT_RETURN_TYPE = YES_ERROR;
				GCC_WARN_UNDECLARED_SELECTOR = YES;
				GCC_WARN_UNINITIALIZED_AUTOS = YES_AGGRESSIVE;
				GCC_WARN_UNUSED_FUNCTION = YES;
				GCC_WARN_UNUSED_VARIABLE = YES;
				IPHONEOS_DEPLOYMENT_TARGET = 12.0;
				MTL_ENABLE_DEBUG_INFO = INCLUDE_SOURCE;
				MTL_FAST_MATH = YES;
				ONLY_ACTIVE_ARCH = YES;
				SDKROOT = iphoneos;
			};
			name = Debug;
		};
		ECAB17AB21B176F800736BFC /* Release */ = {
			isa = XCBuildConfiguration;
			buildSettings = {
				ALWAYS_SEARCH_USER_PATHS = NO;
				CLANG_ANALYZER_NONNULL = YES;
				CLANG_ANALYZER_NUMBER_OBJECT_CONVERSION = YES_AGGRESSIVE;
				CLANG_CXX_LANGUAGE_STANDARD = "gnu++14";
				CLANG_CXX_LIBRARY = "libc++";
				CLANG_ENABLE_MODULES = YES;
				CLANG_ENABLE_OBJC_ARC = YES;
				CLANG_ENABLE_OBJC_WEAK = YES;
				CLANG_WARN_BLOCK_CAPTURE_AUTORELEASING = YES;
				CLANG_WARN_BOOL_CONVERSION = YES;
				CLANG_WARN_COMMA = YES;
				CLANG_WARN_CONSTANT_CONVERSION = YES;
				CLANG_WARN_DEPRECATED_OBJC_IMPLEMENTATIONS = YES;
				CLANG_WARN_DIRECT_OBJC_ISA_USAGE = YES_ERROR;
				CLANG_WARN_DOCUMENTATION_COMMENTS = YES;
				CLANG_WARN_EMPTY_BODY = YES;
				CLANG_WARN_ENUM_CONVERSION = YES;
				CLANG_WARN_INFINITE_RECURSION = YES;
				CLANG_WARN_INT_CONVERSION = YES;
				CLANG_WARN_NON_LITERAL_NULL_CONVERSION = YES;
				CLANG_WARN_OBJC_IMPLICIT_RETAIN_SELF = YES;
				CLANG_WARN_OBJC_LITERAL_CONVERSION = YES;
				CLANG_WARN_OBJC_ROOT_CLASS = YES_ERROR;
				CLANG_WARN_RANGE_LOOP_ANALYSIS = YES;
				CLANG_WARN_STRICT_PROTOTYPES = YES;
				CLANG_WARN_SUSPICIOUS_MOVE = YES;
				CLANG_WARN_UNGUARDED_AVAILABILITY = YES_AGGRESSIVE;
				CLANG_WARN_UNREACHABLE_CODE = YES;
				CLANG_WARN__DUPLICATE_METHOD_MATCH = YES;
				CODE_SIGN_IDENTITY = "iPhone Developer";
				COPY_PHASE_STRIP = NO;
				DEBUG_INFORMATION_FORMAT = "dwarf-with-dsym";
				ENABLE_NS_ASSERTIONS = NO;
				ENABLE_STRICT_OBJC_MSGSEND = YES;
				GCC_C_LANGUAGE_STANDARD = gnu11;
				GCC_NO_COMMON_BLOCKS = YES;
				GCC_WARN_64_TO_32_BIT_CONVERSION = YES;
				GCC_WARN_ABOUT_RETURN_TYPE = YES_ERROR;
				GCC_WARN_UNDECLARED_SELECTOR = YES;
				GCC_WARN_UNINITIALIZED_AUTOS = YES_AGGRESSIVE;
				GCC_WARN_UNUSED_FUNCTION = YES;
				GCC_WARN_UNUSED_VARIABLE = YES;
				IPHONEOS_DEPLOYMENT_TARGET = 12.0;
				MTL_ENABLE_DEBUG_INFO = NO;
				MTL_FAST_MATH = YES;
				SDKROOT = iphoneos;
				VALIDATE_PRODUCT = YES;
			};
			name = Release;
		};
		ECAB17AD21B176F800736BFC /* Debug */ = {
			isa = XCBuildConfiguration;
			baseConfigurationReference = A3A0634846439DCB1B10CB14 /* Pods-PDLoopScrollView.debug.xcconfig */;
			buildSettings = {
				ASSETCATALOG_COMPILER_APPICON_NAME = AppIcon;
				CODE_SIGN_STYLE = Automatic;
				INFOPLIST_FILE = PDLoopScrollView/Info.plist;
				LD_RUNPATH_SEARCH_PATHS = (
					"$(inherited)",
					"@executable_path/Frameworks",
				);
				PRODUCT_BUNDLE_IDENTIFIER = PipeDog.PDLoopScrollView;
				PRODUCT_NAME = "$(TARGET_NAME)";
				TARGETED_DEVICE_FAMILY = "1,2";
			};
			name = Debug;
		};
		ECAB17AE21B176F800736BFC /* Release */ = {
			isa = XCBuildConfiguration;
			baseConfigurationReference = E66AEDC144628FB4A8100027 /* Pods-PDLoopScrollView.release.xcconfig */;
			buildSettings = {
				ASSETCATALOG_COMPILER_APPICON_NAME = AppIcon;
				CODE_SIGN_STYLE = Automatic;
				INFOPLIST_FILE = PDLoopScrollView/Info.plist;
				LD_RUNPATH_SEARCH_PATHS = (
					"$(inherited)",
					"@executable_path/Frameworks",
				);
				PRODUCT_BUNDLE_IDENTIFIER = PipeDog.PDLoopScrollView;
				PRODUCT_NAME = "$(TARGET_NAME)";
				TARGETED_DEVICE_FAMILY = "1,2";
			};
			name = Release;
		};
		ECAB17B021B176F800736BFC /* Debug */ = {
			isa = XCBuildConfiguration;
			baseConfigurationReference = B07D56E3215EA5C6A4A005CE /* Pods-PDLoopScrollViewTests.debug.xcconfig */;
			buildSettings = {
				BUNDLE_LOADER = "$(TEST_HOST)";
				CODE_SIGN_STYLE = Automatic;
				INFOPLIST_FILE = PDLoopScrollViewTests/Info.plist;
				LD_RUNPATH_SEARCH_PATHS = (
					"$(inherited)",
					"@executable_path/Frameworks",
					"@loader_path/Frameworks",
				);
				PRODUCT_BUNDLE_IDENTIFIER = PipeDog.PDLoopScrollViewTests;
				PRODUCT_NAME = "$(TARGET_NAME)";
				TARGETED_DEVICE_FAMILY = "1,2";
				TEST_HOST = "$(BUILT_PRODUCTS_DIR)/PDLoopScrollView.app/PDLoopScrollView";
			};
			name = Debug;
		};
		ECAB17B121B176F800736BFC /* Release */ = {
			isa = XCBuildConfiguration;
			baseConfigurationReference = F86ECAD70A5889410C9C0BEA /* Pods-PDLoopScrollViewTests.release.xcconfig */;
			buildSettings = {
				BUNDLE_LOADER = "$(TEST_HOST)";
				CODE_SIGN_STYLE = Automatic;
				INFOPLIST_FILE = PDLoopScrollViewTests/Info.plist;
				LD_RUNPATH_SEARCH_PATHS = (
					"$(inherited)",
					"@executable_path/Frameworks",
					"@loader_path/Frameworks",
				);
				PRODUCT_BUNDLE_IDENTIFIER = PipeDog.PDLoopScrollViewTests;
				PRODUCT_NAME = "$(TARGET_NAME)";
				TARGETED_DEVICE_FAMILY = "1,2";
				TEST_HOST = "$(BUILT_PRODUCTS_DIR)/PDLoopScrollView.app/PDLoopScrollView";
			};
			name = Release;
		};
		ECAB17B321B176F800736BFC /* Debug */ = {
			isa = XCBuildConfiguration;
			baseConfigurationReference = 6B1B1D186891272951EBBF7C /* Pods-PDLoopScrollViewUITests.debug.xcconfig */;
			buildSettings = {
				CODE_SIGN_STYLE = Automatic;
				INFOPLIST_FILE = PDLoopScrollViewUITests/Info.plist;
				LD_RUNPATH_SEARCH_PATHS = (
					"$(inherited)",
					"@executable_path/Frameworks",
					"@loader_path/Frameworks",
				);
				PRODUCT_BUNDLE_IDENTIFIER = PipeDog.PDLoopScrollViewUITests;
				PRODUCT_NAME = "$(TARGET_NAME)";
				TARGETED_DEVICE_FAMILY = "1,2";
				TEST_TARGET_NAME = PDLoopScrollView;
			};
			name = Debug;
		};
		ECAB17B421B176F800736BFC /* Release */ = {
			isa = XCBuildConfiguration;
			baseConfigurationReference = D516D68C68625309D051F7D5 /* Pods-PDLoopScrollViewUITests.release.xcconfig */;
			buildSettings = {
				CODE_SIGN_STYLE = Automatic;
				INFOPLIST_FILE = PDLoopScrollViewUITests/Info.plist;
				LD_RUNPATH_SEARCH_PATHS = (
					"$(inherited)",
					"@executable_path/Frameworks",
					"@loader_path/Frameworks",
				);
				PRODUCT_BUNDLE_IDENTIFIER = PipeDog.PDLoopScrollViewUITests;
				PRODUCT_NAME = "$(TARGET_NAME)";
				TARGETED_DEVICE_FAMILY = "1,2";
				TEST_TARGET_NAME = PDLoopScrollView;
			};
			name = Release;
		};
/* End XCBuildConfiguration section */

/* Begin XCConfigurationList section */
		ECAB177B21B176F700736BFC /* Build configuration list for PBXProject "PDLoopScrollView" */ = {
			isa = XCConfigurationList;
			buildConfigurations = (
				ECAB17AA21B176F800736BFC /* Debug */,
				ECAB17AB21B176F800736BFC /* Release */,
			);
			defaultConfigurationIsVisible = 0;
			defaultConfigurationName = Release;
		};
		ECAB17AC21B176F800736BFC /* Build configuration list for PBXNativeTarget "PDLoopScrollView" */ = {
			isa = XCConfigurationList;
			buildConfigurations = (
				ECAB17AD21B176F800736BFC /* Debug */,
				ECAB17AE21B176F800736BFC /* Release */,
			);
			defaultConfigurationIsVisible = 0;
			defaultConfigurationName = Release;
		};
		ECAB17AF21B176F800736BFC /* Build configuration list for PBXNativeTarget "PDLoopScrollViewTests" */ = {
			isa = XCConfigurationList;
			buildConfigurations = (
				ECAB17B021B176F800736BFC /* Debug */,
				ECAB17B121B176F800736BFC /* Release */,
			);
			defaultConfigurationIsVisible = 0;
			defaultConfigurationName = Release;
		};
		ECAB17B221B176F800736BFC /* Build configuration list for PBXNativeTarget "PDLoopScrollViewUITests" */ = {
			isa = XCConfigurationList;
			buildConfigurations = (
				ECAB17B321B176F800736BFC /* Debug */,
				ECAB17B421B176F800736BFC /* Release */,
			);
			defaultConfigurationIsVisible = 0;
			defaultConfigurationName = Release;
		};
/* End XCConfigurationList section */
	};
	rootObject = ECAB177821B176F700736BFC /* Project object */;
}
